
Microsoft Visual Studio Solution File, Format Version 12.00
# Visual Studio Version 17
VisualStudioVersion = 17.3.32929.385
MinimumVisualStudioVersion = 10.0.40219.1
Project("{9A19103F-16F7-4668-BE54-9A1E7A4F7556}") = "RomanNumbersCalculator", "RomanNumbersCalculator\RomanNumbersCalculator.csproj", "{79D5CE69-6EF4-4B9A-A4E2-31332F5299DD}"
EndProject
Project("{FAE04EC0-301F-11D3-BF4B-00C04F79EFBC}") = "UITestsForRomanNumbersCalculator", "UITestsForRomanNumbersCalculator\UITestsForRomanNumbersCalculator.csproj", "{755B85C8-EB23-4F67-AF64-3327C4690DE6}"
EndProject
Global
	GlobalSection(SolutionConfigurationPlatforms) = preSolution
		Debug|Any CPU = Debug|Any CPU
		Release|Any CPU = Release|Any CPU
	EndGlobalSection
	GlobalSection(ProjectConfigurationPlatforms) = postSolution
		{79D5CE69-6EF4-4B9A-A4E2-31332F5299DD}.Debug|Any CPU.ActiveCfg = Debug|Any CPU
		{79D5CE69-6EF4-4B9A-A4E2-31332F5299DD}.Debug|Any CPU.Build.0 = Debug|Any CPU
		{79D5CE69-6EF4-4B9A-A4E2-31332F5299DD}.Release|Any CPU.ActiveCfg = Release|Any CPU
		{79D5CE69-6EF4-4B9A-A4E2-31332F5299DD}.Release|Any CPU.Build.0 = Release|Any CPU
		{755B85C8-EB23-4F67-AF64-3327C4690DE6}.Debug|Any CPU.ActiveCfg = Debug|Any CPU
		{755B85C8-EB23-4F67-AF64-3327C4690DE6}.Debug|Any CPU.Build.0 = Debug|Any CPU
		{755B85C8-EB23-4F67-AF64-3327C4690DE6}.Release|Any CPU.ActiveCfg = Release|Any CPU
		{755B85C8-EB23-4F67-AF64-3327C4690DE6}.Release|Any CPU.Build.0 = Release|Any CPU
	EndGlobalSection
	GlobalSection(SolutionProperties) = preSolution
		HideSolutionNode = FALSE
	EndGlobalSection
	GlobalSection(ExtensibilityGlobals) = postSolution
		SolutionGuid = {669567C0-F0A8-4536-B3B2-D216CDB9DEDB}
	EndGlobalSection
EndGlobal
